
Microsoft Visual Studio Solution File, Format Version 12.00
Project("{F2A71F9B-5D33-465A-A702-920D77279786}") = "TPLActorExample", "TPLActorExample\TPLActorExample.fsproj", "{ED756CD0-8E40-4326-B9AC-E954FA3740D6}"
EndProject
Global
	GlobalSection(SolutionConfigurationPlatforms) = preSolution
		Debug|Any CPU = Debug|Any CPU
		Release|Any CPU = Release|Any CPU
	EndGlobalSection
	GlobalSection(ProjectConfigurationPlatforms) = postSolution
		{ED756CD0-8E40-4326-B9AC-E954FA3740D6}.Debug|Any CPU.ActiveCfg = Debug|Any CPU
		{ED756CD0-8E40-4326-B9AC-E954FA3740D6}.Debug|Any CPU.Build.0 = Debug|Any CPU
		{ED756CD0-8E40-4326-B9AC-E954FA3740D6}.Release|Any CPU.ActiveCfg = Release|Any CPU
		{ED756CD0-8E40-4326-B9AC-E954FA3740D6}.Release|Any CPU.Build.0 = Release|Any CPU
	EndGlobalSection
EndGlobal
